// !$*UTF8*$!
{
	archiveVersion = 1;
	classes = {
	};
	objectVersion = 56;
	objects = {

/* Begin PBXBuildFile section */
		D947FC922F27B51800F527DC /* PokemonTestApp.swift in Sources */ = {isa = PBXBuildFile; fileRef = D947FC912F27B51800F527DC /* PokemonTestApp.swift */; };
		D947FC942F27B51800F527DC /* ContentView.swift in Sources */ = {isa = PBXBuildFile; fileRef = D947FC932F27B51800F527DC /* ContentView.swift */; };
		D947FC962F27B51B00F527DC /* Assets.xcassets in Resources */ = {isa = PBXBuildFile; fileRef = D947FC952F27B51B00F527DC /* Assets.xcassets */; };
		D947FC992F27B51B00F527DC /* Preview Assets.xcassets in Resources */ = {isa = PBXBuildFile; fileRef = D947FC982F27B51B00F527DC /* Preview Assets.xcassets */; };
		D947FC9B2F27B51B00F527DC /* Persistence.swift in Sources */ = {isa = PBXBuildFile; fileRef = D947FC9A2F27B51B00F527DC /* Persistence.swift */; };
		D947FC9E2F27B51B00F527DC /* PokemonTest.xcdatamodeld in Sources */ = {isa = PBXBuildFile; fileRef = D947FC9C2F27B51B00F527DC /* PokemonTest.xcdatamodeld */; };
		D947FCA82F27B51B00F527DC /* PokemonTestTests.swift in Sources */ = {isa = PBXBuildFile; fileRef = D947FCA72F27B51B00F527DC /* PokemonTestTests.swift */; };
		D947FCB22F27B51B00F527DC /* PokemonTestUITests.swift in Sources */ = {isa = PBXBuildFile; fileRef = D947FCB12F27B51B00F527DC /* PokemonTestUITests.swift */; };
		D947FCB42F27B51B00F527DC /* PokemonTestUITestsLaunchTests.swift in Sources */ = {isa = PBXBuildFile; fileRef = D947FCB32F27B51B00F527DC /* PokemonTestUITestsLaunchTests.swift */; };
/* End PBXBuildFile section */

/* Begin PBXContainerItemProxy section */
		D947FCA42F27B51B00F527DC /* PBXContainerItemProxy */ = {
			isa = PBXContainerItemProxy;
			containerPortal = D947FC862F27B51800F527DC /* Project object */;
			proxyType = 1;
			remoteGlobalIDString = D947FC8D2F27B51800F527DC;
			remoteInfo = PokemonTest;
		};
		D947FCAE2F27B51B00F527DC /* PBXContainerItemProxy */ = {
			isa = PBXContainerItemProxy;
			containerPortal = D947FC862F27B51800F527DC /* Project object */;
			proxyType = 1;
			remoteGlobalIDString = D947FC8D2F27B51800F527DC;
			remoteInfo = PokemonTest;
		};
/* End PBXContainerItemProxy section */

/* Begin PBXFileReference section */
		D947FC8E2F27B51800F527DC /* PokemonTest.app */ = {isa = PBXFileReference; explicitFileType = wrapper.application; includeInIndex = 0; path = PokemonTest.app; sourceTree = BUILT_PRODUCTS_DIR; };
		D947FC912F27B51800F527DC /* PokemonTestApp.swift */ = {isa = PBXFileReference; lastKnownFileType = sourcecode.swift; path = PokemonTestApp.swift; sourceTree = "<group>"; };
		D947FC932F27B51800F527DC /* ContentView.swift */ = {isa = PBXFileReference; lastKnownFileType = sourcecode.swift; path = ContentView.swift; sourceTree = "<group>"; };
		D947FC952F27B51B00F527DC /* Assets.xcassets */ = {isa = PBXFileReference; lastKnownFileType = folder.assetcatalog; path = Assets.xcassets; sourceTree = "<group>"; };
		D947FC982F27B51B00F527DC /* Preview Assets.xcassets */ = {isa = PBXFileReference; lastKnownFileType = folder.assetcatalog; path = "Preview Assets.xcassets"; sourceTree = "<group>"; };
		D947FC9A2F27B51B00F527DC /* Persistence.swift */ = {isa = PBXFileReference; lastKnownFileType = sourcecode.swift; path = Persistence.swift; sourceTree = "<group>"; };
		D947FC9D2F27B51B00F527DC /* PokemonTest.xcdatamodel */ = {isa = PBXFileReference; lastKnownFileType = wrapper.xcdatamodel; path = PokemonTest.xcdatamodel; sourceTree = "<group>"; };
		D947FCA32F27B51B00F527DC /* PokemonTestTests.xctest */ = {isa = PBXFileReference; explicitFileType = wrapper.cfbundle; includeInIndex = 0; path = PokemonTestTests.xctest; sourceTree = BUILT_PRODUCTS_DIR; };
		D947FCA72F27B51B00F527DC /* PokemonTestTests.swift */ = {isa = PBXFileReference; lastKnownFileType = sourcecode.swift; path = PokemonTestTests.swift; sourceTree = "<group>"; };
		D947FCAD2F27B51B00F527DC /* PokemonTestUITests.xctest */ = {isa = PBXFileReference; explicitFileType = wrapper.cfbundle; includeInIndex = 0; path = PokemonTestUITests.xctest; sourceTree = BUILT_PRODUCTS_DIR; };
		D947FCB12F27B51B00F527DC /* PokemonTestUITests.swift */ = {isa = PBXFileReference; lastKnownFileType = sourcecode.swift; path = PokemonTestUITests.swift; sourceTree = "<group>"; };
		D947FCB32F27B51B00F527DC /* PokemonTestUITestsLaunchTests.swift */ = {isa = PBXFileReference; lastKnownFileType = sourcecode.swift; path = PokemonTestUITestsLaunchTests.swift; sourceTree = "<group>"; };
/* End PBXFileReference section */

/* Begin PBXFrameworksBuildPhase section */
		D947FC8B2F27B51800F527DC /* Frameworks */ = {
			isa = PBXFrameworksBuildPhase;
			buildActionMask = 2147483647;
			files = (
			);
			runOnlyForDeploymentPostprocessing = 0;
		};
		D947FCA02F27B51B00F527DC /* Frameworks */ = {
			isa = PBXFrameworksBuildPhase;
			buildActionMask = 2147483647;
			files = (
			);
			runOnlyForDeploymentPostprocessing = 0;
		};
		D947FCAA2F27B51B00F527DC /* Frameworks */ = {
			isa = PBXFrameworksBuildPhase;
			buildActionMask = 2147483647;
			files = (
			);
			runOnlyForDeploymentPostprocessing = 0;
		};
/* End PBXFrameworksBuildPhase section */

/* Begin PBXGroup section */
		D947FC852F27B51800F527DC = {
			isa = PBXGroup;
			children = (
				D947FC902F27B51800F527DC /* PokemonTest */,
				D947FCA62F27B51B00F527DC /* PokemonTestTests */,
				D947FCB02F27B51B00F527DC /* PokemonTestUITests */,
				D947FC8F2F27B51800F527DC /* Products */,
			);
			sourceTree = "<group>";
		};
		D947FC8F2F27B51800F527DC /* Products */ = {
			isa = PBXGroup;
			children = (
				D947FC8E2F27B51800F527DC /* PokemonTest.app */,
				D947FCA32F27B51B00F527DC /* PokemonTestTests.xctest */,
				D947FCAD2F27B51B00F527DC /* PokemonTestUITests.xctest */,
			);
			name = Products;
			sourceTree = "<group>";
		};
		D947FC902F27B51800F527DC /* PokemonTest */ = {
			isa = PBXGroup;
			children = (
				D947FC912F27B51800F527DC /* PokemonTestApp.swift */,
				D947FC932F27B51800F527DC /* ContentView.swift */,
				D947FC952F27B51B00F527DC /* Assets.xcassets */,
				D947FC9A2F27B51B00F527DC /* Persistence.swift */,
				D947FC9C2F27B51B00F527DC /* PokemonTest.xcdatamodeld */,
				D947FC972F27B51B00F527DC /* Preview Content */,
			);
			path = PokemonTest;
			sourceTree = "<group>";
		};
		D947FC972F27B51B00F527DC /* Preview Content */ = {
			isa = PBXGroup;
			children = (
				D947FC982F27B51B00F527DC /* Preview Assets.xcassets */,
			);
			path = "Preview Content";
			sourceTree = "<group>";
		};
		D947FCA62F27B51B00F527DC /* PokemonTestTests */ = {
			isa = PBXGroup;
			children = (
				D947FCA72F27B51B00F527DC /* PokemonTestTests.swift */,
			);
			path = PokemonTestTests;
			sourceTree = "<group>";
		};
		D947FCB02F27B51B00F527DC /* PokemonTestUITests */ = {
			isa = PBXGroup;
			children = (
				D947FCB12F27B51B00F527DC /* PokemonTestUITests.swift */,
				D947FCB32F27B51B00F527DC /* PokemonTestUITestsLaunchTests.swift */,
			);
			path = PokemonTestUITests;
			sourceTree = "<group>";
		};
/* End PBXGroup section */

/* Begin PBXNativeTarget section */
		D947FC8D2F27B51800F527DC /* PokemonTest */ = {
			isa = PBXNativeTarget;
			buildConfigurationList = D947FCB72F27B51B00F527DC /* Build configuration list for PBXNativeTarget "PokemonTest" */;
			buildPhases = (
				D947FC8A2F27B51800F527DC /* Sources */,
				D947FC8B2F27B51800F527DC /* Frameworks */,
				D947FC8C2F27B51800F527DC /* Resources */,
			);
			buildRules = (
			);
			dependencies = (
			);
			name = PokemonTest;
			productName = PokemonTest;
			productReference = D947FC8E2F27B51800F527DC /* PokemonTest.app */;
			productType = "com.apple.product-type.application";
		};
		D947FCA22F27B51B00F527DC /* PokemonTestTests */ = {
			isa = PBXNativeTarget;
			buildConfigurationList = D947FCBA2F27B51B00F527DC /* Build configuration list for PBXNativeTarget "PokemonTestTests" */;
			buildPhases = (
				D947FC9F2F27B51B00F527DC /* Sources */,
				D947FCA02F27B51B00F527DC /* Frameworks */,
				D947FCA12F27B51B00F527DC /* Resources */,
			);
			buildRules = (
			);
			dependencies = (
				D947FCA52F27B51B00F527DC /* PBXTargetDependency */,
			);
			name = PokemonTestTests;
			productName = PokemonTestTests;
			productReference = D947FCA32F27B51B00F527DC /* PokemonTestTests.xctest */;
			productType = "com.apple.product-type.bundle.unit-test";
		};
		D947FCAC2F27B51B00F527DC /* PokemonTestUITests */ = {
			isa = PBXNativeTarget;
			buildConfigurationList = D947FCBD2F27B51B00F527DC /* Build configuration list for PBXNativeTarget "PokemonTestUITests" */;
			buildPhases = (
				D947FCA92F27B51B00F527DC /* Sources */,
				D947FCAA2F27B51B00F527DC /* Frameworks */,
				D947FCAB2F27B51B00F527DC /* Resources */,
			);
			buildRules = (
			);
			dependencies = (
				D947FCAF2F27B51B00F527DC /* PBXTargetDependency */,
			);
			name = PokemonTestUITests;
			productName = PokemonTestUITests;
			productReference = D947FCAD2F27B51B00F527DC /* PokemonTestUITests.xctest */;
			productType = "com.apple.product-type.bundle.ui-testing";
		};
/* End PBXNativeTarget section */

/* Begin PBXProject section */
		D947FC862F27B51800F527DC /* Project object */ = {
			isa = PBXProject;
			attributes = {
				BuildIndependentTargetsInParallel = 1;
				LastSwiftUpdateCheck = 1520;
				LastUpgradeCheck = 1520;
				TargetAttributes = {
					D947FC8D2F27B51800F527DC = {
						CreatedOnToolsVersion = 15.2;
					};
					D947FCA22F27B51B00F527DC = {
						CreatedOnToolsVersion = 15.2;
						TestTargetID = D947FC8D2F27B51800F527DC;
					};
					D947FCAC2F27B51B00F527DC = {
						CreatedOnToolsVersion = 15.2;
						TestTargetID = D947FC8D2F27B51800F527DC;
					};
				};
			};
			buildConfigurationList = D947FC892F27B51800F527DC /* Build configuration list for PBXProject "PokemonTest" */;
			compatibilityVersion = "Xcode 14.0";
			developmentRegion = en;
			hasScannedForEncodings = 0;
			knownRegions = (
				en,
				Base,
			);
			mainGroup = D947FC852F27B51800F527DC;
			productRefGroup = D947FC8F2F27B51800F527DC /* Products */;
			projectDirPath = "";
			projectRoot = "";
			targets = (
				D947FC8D2F27B51800F527DC /* PokemonTest */,
				D947FCA22F27B51B00F527DC /* PokemonTestTests */,
				D947FCAC2F27B51B00F527DC /* PokemonTestUITests */,
			);
		};
/* End PBXProject section */

/* Begin PBXResourcesBuildPhase section */
		D947FC8C2F27B51800F527DC /* Resources */ = {
			isa = PBXResourcesBuildPhase;
			buildActionMask = 2147483647;
			files = (
				D947FC992F27B51B00F527DC /* Preview Assets.xcassets in Resources */,
				D947FC962F27B51B00F527DC /* Assets.xcassets in Resources */,
			);
			runOnlyForDeploymentPostprocessing = 0;
		};
		D947FCA12F27B51B00F527DC /* Resources */ = {
			isa = PBXResourcesBuildPhase;
			buildActionMask = 2147483647;
			files = (
			);
			runOnlyForDeploymentPostprocessing = 0;
		};
		D947FCAB2F27B51B00F527DC /* Resources */ = {
			isa = PBXResourcesBuildPhase;
			buildActionMask = 2147483647;
			files = (
			);
			runOnlyForDeploymentPostprocessing = 0;
		};
/* End PBXResourcesBuildPhase section */

/* Begin PBXSourcesBuildPhase section */
		D947FC8A2F27B51800F527DC /* Sources */ = {
			isa = PBXSourcesBuildPhase;
			buildActionMask = 2147483647;
			files = (
				D947FC9B2F27B51B00F527DC /* Persistence.swift in Sources */,
				D947FC9E2F27B51B00F527DC /* PokemonTest.xcdatamodeld in Sources */,
				D947FC942F27B51800F527DC /* ContentView.swift in Sources */,
				D947FC922F27B51800F527DC /* PokemonTestApp.swift in Sources */,
			);
			runOnlyForDeploymentPostprocessing = 0;
		};
		D947FC9F2F27B51B00F527DC /* Sources */ = {
			isa = PBXSourcesBuildPhase;
			buildActionMask = 2147483647;
			files = (
				D947FCA82F27B51B00F527DC /* PokemonTestTests.swift in Sources */,
			);
			runOnlyForDeploymentPostprocessing = 0;
		};
		D947FCA92F27B51B00F527DC /* Sources */ = {
			isa = PBXSourcesBuildPhase;
			buildActionMask = 2147483647;
			files = (
				D947FCB42F27B51B00F527DC /* PokemonTestUITestsLaunchTests.swift in Sources */,
				D947FCB22F27B51B00F527DC /* PokemonTestUITests.swift in Sources */,
			);
			runOnlyForDeploymentPostprocessing = 0;
		};
/* End PBXSourcesBuildPhase section */

/* Begin PBXTargetDependency section */
		D947FCA52F27B51B00F527DC /* PBXTargetDependency */ = {
			isa = PBXTargetDependency;
			target = D947FC8D2F27B51800F527DC /* PokemonTest */;
			targetProxy = D947FCA42F27B51B00F527DC /* PBXContainerItemProxy */;
		};
		D947FCAF2F27B51B00F527DC /* PBXTargetDependency */ = {
			isa = PBXTargetDependency;
			target = D947FC8D2F27B51800F527DC /* PokemonTest */;
			targetProxy = D947FCAE2F27B51B00F527DC /* PBXContainerItemProxy */;
		};
/* End PBXTargetDependency section */

/* Begin XCBuildConfiguration section */
		D947FCB52F27B51B00F527DC /* Debug */ = {
			isa = XCBuildConfiguration;
			buildSettings = {
				ALWAYS_SEARCH_USER_PATHS = NO;
				ASSETCATALOG_COMPILER_GENERATE_SWIFT_ASSET_SYMBOL_EXTENSIONS = YES;
				CLANG_ANALYZER_NONNULL = YES;
				CLANG_ANALYZER_NUMBER_OBJECT_CONVERSION = YES_AGGRESSIVE;
				CLANG_CXX_LANGUAGE_STANDARD = "gnu++20";
				CLANG_ENABLE_MODULES = YES;
				CLANG_ENABLE_OBJC_ARC = YES;
				CLANG_ENABLE_OBJC_WEAK = YES;
				CLANG_WARN_BLOCK_CAPTURE_AUTORELEASING = YES;
				CLANG_WARN_BOOL_CONVERSION = YES;
				CLANG_WARN_COMMA = YES;
				CLANG_WARN_CONSTANT_CONVERSION = YES;
				CLANG_WARN_DEPRECATED_OBJC_IMPLEMENTATIONS = YES;
				CLANG_WARN_DIRECT_OBJC_ISA_USAGE = YES_ERROR;
				CLANG_WARN_DOCUMENTATION_COMMENTS = YES;
				CLANG_WARN_EMPTY_BODY = YES;
				CLANG_WARN_ENUM_CONVERSION = YES;
				CLANG_WARN_INFINITE_RECURSION = YES;
				CLANG_WARN_INT_CONVERSION = YES;
				CLANG_WARN_NON_LITERAL_NULL_CONVERSION = YES;
				CLANG_WARN_OBJC_IMPLICIT_RETAIN_SELF = YES;
				CLANG_WARN_OBJC_LITERAL_CONVERSION = YES;
				CLANG_WARN_OBJC_ROOT_CLASS = YES_ERROR;
				CLANG_WARN_QUOTED_INCLUDE_IN_FRAMEWORK_HEADER = YES;
				CLANG_WARN_RANGE_LOOP_ANALYSIS = YES;
				CLANG_WARN_STRICT_PROTOTYPES = YES;
				CLANG_WARN_SUSPICIOUS_MOVE = YES;
				CLANG_WARN_UNGUARDED_AVAILABILITY = YES_AGGRESSIVE;
				CLANG_WARN_UNREACHABLE_CODE = YES;
				CLANG_WARN__DUPLICATE_METHOD_MATCH = YES;
				COPY_PHASE_STRIP = NO;
				DEBUG_INFORMATION_FORMAT = dwarf;
				ENABLE_STRICT_OBJC_MSGSEND = YES;
				ENABLE_TESTABILITY = YES;
				ENABLE_USER_SCRIPT_SANDBOXING = YES;
				GCC_C_LANGUAGE_STANDARD = gnu17;
				GCC_DYNAMIC_NO_PIC = NO;
				GCC_NO_COMMON_BLOCKS = YES;
				GCC_OPTIMIZATION_LEVEL = 0;
				GCC_PREPROCESSOR_DEFINITIONS = (
					"DEBUG=1",
					"$(inherited)",
				);
				GCC_WARN_64_TO_32_BIT_CONVERSION = YES;
				GCC_WARN_ABOUT_RETURN_TYPE = YES_ERROR;
				GCC_WARN_UNDECLARED_SELECTOR = YES;
				GCC_WARN_UNINITIALIZED_AUTOS = YES_AGGRESSIVE;
				GCC_WARN_UNUSED_FUNCTION = YES;
				GCC_WARN_UNUSED_VARIABLE = YES;
				IPHONEOS_DEPLOYMENT_TARGET = 17.2;
				LOCALIZATION_PREFERS_STRING_CATALOGS = YES;
				MTL_ENABLE_DEBUG_INFO = INCLUDE_SOURCE;
				MTL_FAST_MATH = YES;
				ONLY_ACTIVE_ARCH = YES;
				SDKROOT = iphoneos;
				SWIFT_ACTIVE_COMPILATION_CONDITIONS = "DEBUG $(inherited)";
				SWIFT_OPTIMIZATION_LEVEL = "-Onone";
			};
			name = Debug;
		};
		D947FCB62F27B51B00F527DC /* Release */ = {
			isa = XCBuildConfiguration;
			buildSettings = {
				ALWAYS_SEARCH_USER_PATHS = NO;
				ASSETCATALOG_COMPILER_GENERATE_SWIFT_ASSET_SYMBOL_EXTENSIONS = YES;
				CLANG_ANALYZER_NONNULL = YES;
				CLANG_ANALYZER_NUMBER_OBJECT_CONVERSION = YES_AGGRESSIVE;
				CLANG_CXX_LANGUAGE_STANDARD = "gnu++20";
				CLANG_ENABLE_MODULES = YES;
				CLANG_ENABLE_OBJC_ARC = YES;
				CLANG_ENABLE_OBJC_WEAK = YES;
				CLANG_WARN_BLOCK_CAPTURE_AUTORELEASING = YES;
				CLANG_WARN_BOOL_CONVERSION = YES;
				CLANG_WARN_COMMA = YES;
				CLANG_WARN_CONSTANT_CONVERSION = YES;
				CLANG_WARN_DEPRECATED_OBJC_IMPLEMENTATIONS = YES;
				CLANG_WARN_DIRECT_OBJC_ISA_USAGE = YES_ERROR;
				CLANG_WARN_DOCUMENTATION_COMMENTS = YES;
				CLANG_WARN_EMPTY_BODY = YES;
				CLANG_WARN_ENUM_CONVERSION = YES;
				CLANG_WARN_INFINITE_RECURSION = YES;
				CLANG_WARN_INT_CONVERSION = YES;
				CLANG_WARN_NON_LITERAL_NULL_CONVERSION = YES;
				CLANG_WARN_OBJC_IMPLICIT_RETAIN_SELF = YES;
				CLANG_WARN_OBJC_LITERAL_CONVERSION = YES;
				CLANG_WARN_OBJC_ROOT_CLASS = YES_ERROR;
				CLANG_WARN_QUOTED_INCLUDE_IN_FRAMEWORK_HEADER = YES;
				CLANG_WARN_RANGE_LOOP_ANALYSIS = YES;
				CLANG_WARN_STRICT_PROTOTYPES = YES;
				CLANG_WARN_SUSPICIOUS_MOVE = YES;
				CLANG_WARN_UNGUARDED_AVAILABILITY = YES_AGGRESSIVE;
				CLANG_WARN_UNREACHABLE_CODE = YES;
				CLANG_WARN__DUPLICATE_METHOD_MATCH = YES;
				COPY_PHASE_STRIP = NO;
				DEBUG_INFORMATION_FORMAT = "dwarf-with-dsym";
				ENABLE_NS_ASSERTIONS = NO;
				ENABLE_STRICT_OBJC_MSGSEND = YES;
				ENABLE_USER_SCRIPT_SANDBOXING = YES;
				GCC_C_LANGUAGE_STANDARD = gnu17;
				GCC_NO_COMMON_BLOCKS = YES;
				GCC_WARN_64_TO_32_BIT_CONVERSION = YES;
				GCC_WARN_ABOUT_RETURN_TYPE = YES_ERROR;
				GCC_WARN_UNDECLARED_SELECTOR = YES;
				GCC_WARN_UNINITIALIZED_AUTOS = YES_AGGRESSIVE;
				GCC_WARN_UNUSED_FUNCTION = YES;
				GCC_WARN_UNUSED_VARIABLE = YES;
				IPHONEOS_DEPLOYMENT_TARGET = 17.2;
				LOCALIZATION_PREFERS_STRING_CATALOGS = YES;
				MTL_ENABLE_DEBUG_INFO = NO;
				MTL_FAST_MATH = YES;
				SDKROOT = iphoneos;
				SWIFT_COMPILATION_MODE = wholemodule;
				VALIDATE_PRODUCT = YES;
			};
			name = Release;
		};
		D947FCB82F27B51B00F527DC /* Debug */ = {
			isa = XCBuildConfiguration;
			buildSettings = {
				ASSETCATALOG_COMPILER_APPICON_NAME = AppIcon;
				ASSETCATALOG_COMPILER_GLOBAL_ACCENT_COLOR_NAME = AccentColor;
				CODE_SIGN_STYLE = Automatic;
				CURRENT_PROJECT_VERSION = 1;
				DEVELOPMENT_ASSET_PATHS = "\"PokemonTest/Preview Content\"";
				DEVELOPMENT_TEAM = 2U7FA696SS;
				ENABLE_PREVIEWS = YES;
				GENERATE_INFOPLIST_FILE = YES;
				INFOPLIST_KEY_UIApplicationSceneManifest_Generation = YES;
				INFOPLIST_KEY_UIApplicationSupportsIndirectInputEvents = YES;
				INFOPLIST_KEY_UILaunchScreen_Generation = YES;
				INFOPLIST_KEY_UISupportedInterfaceOrientations_iPad = "UIInterfaceOrientationPortrait UIInterfaceOrientationPortraitUpsideDown UIInterfaceOrientationLandscapeLeft UIInterfaceOrientationLandscapeRight";
				INFOPLIST_KEY_UISupportedInterfaceOrientations_iPhone = "UIInterfaceOrientationPortrait UIInterfaceOrientationLandscapeLeft UIInterfaceOrientationLandscapeRight";
				LD_RUNPATH_SEARCH_PATHS = (
					"$(inherited)",
					"@executable_path/Frameworks",
				);
				MARKETING_VERSION = 1.0;
				PRODUCT_BUNDLE_IDENTIFIER = korbek.PokemonTest;
				PRODUCT_NAME = "$(TARGET_NAME)";
				SWIFT_EMIT_LOC_STRINGS = YES;
				SWIFT_VERSION = 5.0;
				TARGETED_DEVICE_FAMILY = "1,2";
			};
			name = Debug;
		};
		D947FCB92F27B51B00F527DC /* Release */ = {
			isa = XCBuildConfiguration;
			buildSettings = {
				ASSETCATALOG_COMPILER_APPICON_NAME = AppIcon;
				ASSETCATALOG_COMPILER_GLOBAL_ACCENT_COLOR_NAME = AccentColor;
				CODE_SIGN_STYLE = Automatic;
				CURRENT_PROJECT_VERSION = 1;
				DEVELOPMENT_ASSET_PATHS = "\"PokemonTest/Preview Content\"";
				DEVELOPMENT_TEAM = 2U7FA696SS;
				ENABLE_PREVIEWS = YES;
				GENERATE_INFOPLIST_FILE = YES;
				INFOPLIST_KEY_UIApplicationSceneManifest_Generation = YES;
				INFOPLIST_KEY_UIApplicationSupportsIndirectInputEvents = YES;
				INFOPLIST_KEY_UILaunchScreen_Generation = YES;
				INFOPLIST_KEY_UISupportedInterfaceOrientations_iPad = "UIInterfaceOrientationPortrait UIInterfaceOrientationPortraitUpsideDown UIInterfaceOrientationLandscapeLeft UIInterfaceOrientationLandscapeRight";
				INFOPLIST_KEY_UISupportedInterfaceOrientations_iPhone = "UIInterfaceOrientationPortrait UIInterfaceOrientationLandscapeLeft UIInterfaceOrientationLandscapeRight";
				LD_RUNPATH_SEARCH_PATHS = (
					"$(inherited)",
					"@executable_path/Frameworks",
				);
				MARKETING_VERSION = 1.0;
				PRODUCT_BUNDLE_IDENTIFIER = korbek.PokemonTest;
				PRODUCT_NAME = "$(TARGET_NAME)";
				SWIFT_EMIT_LOC_STRINGS = YES;
				SWIFT_VERSION = 5.0;
				TARGETED_DEVICE_FAMILY = "1,2";
			};
			name = Release;
		};
		D947FCBB2F27B51B00F527DC /* Debug */ = {
			isa = XCBuildConfiguration;
			buildSettings = {
				ALWAYS_EMBED_SWIFT_STANDARD_LIBRARIES = YES;
				BUNDLE_LOADER = "$(TEST_HOST)";
				CODE_SIGN_STYLE = Automatic;
				CURRENT_PROJECT_VERSION = 1;
				DEVELOPMENT_TEAM = 2U7FA696SS;
				GENERATE_INFOPLIST_FILE = YES;
				IPHONEOS_DEPLOYMENT_TARGET = 17.2;
				MARKETING_VERSION = 1.0;
				PRODUCT_BUNDLE_IDENTIFIER = korbek.PokemonTestTests;
				PRODUCT_NAME = "$(TARGET_NAME)";
				SWIFT_EMIT_LOC_STRINGS = NO;
				SWIFT_VERSION = 5.0;
				TARGETED_DEVICE_FAMILY = "1,2";
				TEST_HOST = "$(BUILT_PRODUCTS_DIR)/PokemonTest.app/$(BUNDLE_EXECUTABLE_FOLDER_PATH)/PokemonTest";
			};
			name = Debug;
		};
		D947FCBC2F27B51B00F527DC /* Release */ = {
			isa = XCBuildConfiguration;
			buildSettings = {
				ALWAYS_EMBED_SWIFT_STANDARD_LIBRARIES = YES;
				BUNDLE_LOADER = "$(TEST_HOST)";
				CODE_SIGN_STYLE = Automatic;
				CURRENT_PROJECT_VERSION = 1;
				DEVELOPMENT_TEAM = 2U7FA696SS;
				GENERATE_INFOPLIST_FILE = YES;
				IPHONEOS_DEPLOYMENT_TARGET = 17.2;
				MARKETING_VERSION = 1.0;
				PRODUCT_BUNDLE_IDENTIFIER = korbek.PokemonTestTests;
				PRODUCT_NAME = "$(TARGET_NAME)";
				SWIFT_EMIT_LOC_STRINGS = NO;
				SWIFT_VERSION = 5.0;
				TARGETED_DEVICE_FAMILY = "1,2";
				TEST_HOST = "$(BUILT_PRODUCTS_DIR)/PokemonTest.app/$(BUNDLE_EXECUTABLE_FOLDER_PATH)/PokemonTest";
			};
			name = Release;
		};
		D947FCBE2F27B51B00F527DC /* Debug */ = {
			isa = XCBuildConfiguration;
			buildSettings = {
				ALWAYS_EMBED_SWIFT_STANDARD_LIBRARIES = YES;
				CODE_SIGN_STYLE = Automatic;
				CURRENT_PROJECT_VERSION = 1;
				DEVELOPMENT_TEAM = 2U7FA696SS;
				GENERATE_INFOPLIST_FILE = YES;
				MARKETING_VERSION = 1.0;
				PRODUCT_BUNDLE_IDENTIFIER = korbek.PokemonTestUITests;
				PRODUCT_NAME = "$(TARGET_NAME)";
				SWIFT_EMIT_LOC_STRINGS = NO;
				SWIFT_VERSION = 5.0;
				TARGETED_DEVICE_FAMILY = "1,2";
				TEST_TARGET_NAME = PokemonTest;
			};
			name = Debug;
		};
		D947FCBF2F27B51B00F527DC /* Release */ = {
			isa = XCBuildConfiguration;
			buildSettings = {
				ALWAYS_EMBED_SWIFT_STANDARD_LIBRARIES = YES;
				CODE_SIGN_STYLE = Automatic;
				CURRENT_PROJECT_VERSION = 1;
				DEVELOPMENT_TEAM = 2U7FA696SS;
				GENERATE_INFOPLIST_FILE = YES;
				MARKETING_VERSION = 1.0;
				PRODUCT_BUNDLE_IDENTIFIER = korbek.PokemonTestUITests;
				PRODUCT_NAME = "$(TARGET_NAME)";
				SWIFT_EMIT_LOC_STRINGS = NO;
				SWIFT_VERSION = 5.0;
				TARGETED_DEVICE_FAMILY = "1,2";
				TEST_TARGET_NAME = PokemonTest;
			};
			name = Release;
		};
/* End XCBuildConfiguration section */

/* Begin XCConfigurationList section */
		D947FC892F27B51800F527DC /* Build configuration list for PBXProject "PokemonTest" */ = {
			isa = XCConfigurationList;
			buildConfigurations = (
				D947FCB52F27B51B00F527DC /* Debug */,
				D947FCB62F27B51B00F527DC /* Release */,
			);
			defaultConfigurationIsVisible = 0;
			defaultConfigurationName = Release;
		};
		D947FCB72F27B51B00F527DC /* Build configuration list for PBXNativeTarget "PokemonTest" */ = {
			isa = XCConfigurationList;
			buildConfigurations = (
				D947FCB82F27B51B00F527DC /* Debug */,
				D947FCB92F27B51B00F527DC /* Release */,
			);
			defaultConfigurationIsVisible = 0;
			defaultConfigurationName = Release;
		};
		D947FCBA2F27B51B00F527DC /* Build configuration list for PBXNativeTarget "PokemonTestTests" */ = {
			isa = XCConfigurationList;
			buildConfigurations = (
				D947FCBB2F27B51B00F527DC /* Debug */,
				D947FCBC2F27B51B00F527DC /* Release */,
			);
			defaultConfigurationIsVisible = 0;
			defaultConfigurationName = Release;
		};
		D947FCBD2F27B51B00F527DC /* Build configuration list for PBXNativeTarget "PokemonTestUITests" */ = {
			isa = XCConfigurationList;
			buildConfigurations = (
				D947FCBE2F27B51B00F527DC /* Debug */,
				D947FCBF2F27B51B00F527DC /* Release */,
			);
			defaultConfigurationIsVisible = 0;
			defaultConfigurationName = Release;
		};
/* End XCConfigurationList section */

/* Begin XCVersionGroup section */
		D947FC9C2F27B51B00F527DC /* PokemonTest.xcdatamodeld */ = {
			isa = XCVersionGroup;
			children = (
				D947FC9D2F27B51B00F527DC /* PokemonTest.xcdatamodel */,
			);
			currentVersion = D947FC9D2F27B51B00F527DC /* PokemonTest.xcdatamodel */;
			path = PokemonTest.xcdatamodeld;
			sourceTree = "<group>";
			versionGroupType = wrapper.xcdatamodel;
		};
/* End XCVersionGroup section */
	};
	rootObject = D947FC862F27B51800F527DC /* Project object */;
}
